{
  "version": 4,
  "terraform_version": "1.11.4",
  "serial": 7,
  "lineage": "4c2bc35a-e3f2-239b-3264-36bcae35929b",
  "outputs": {
    "keyvault_uri": {
      "value": "https://cicdgeneratorkv.vault.azure.net/",
      "type": "string"
    }
  },
  "resources": [
    {
      "mode": "data",
      "type": "azurerm_client_config",
      "name": "current",
      "provider": "provider[\"registry.terraform.io/hashicorp/azurerm\"]",
      "instances": [
        {
          "schema_version": 0,
          "attributes": {
            "client_id": "04b07795-8ddb-461a-bbee-02f9e1bf7b46",
            "id": "Y2xpZW50Q29uZmlncy9jbGllbnRJZD0wNGIwNzc5NS04ZGRiLTQ2MWEtYmJlZS0wMmY5ZTFiZjdiNDY7b2JqZWN0SWQ9YzlhMDEwMTMtNjBlNS00NWY0LTk5MDgtYzRjY2EzMjkxZTEzO3N1YnNjcmlwdGlvbklkPTg4NDZkMjU2LTg4NmEtNGUwMC1iNWFmLWIyNzRiODEyOGJkMDt0ZW5hbnRJZD03MGRlMTk5Mi0wN2M2LTQ4MGYtYTMxOC1hMWFmY2JhMDM5ODM=",
            "object_id": "c9a01013-60e5-45f4-9908-c4cca3291e13",
            "subscription_id": "8846d256-886a-4e00-b5af-b274b8128bd0",
            "tenant_id": "70de1992-07c6-480f-a318-a1afcba03983",
            "timeouts": null
          },
          "sensitive_attributes": []
        }
      ]
    },
    {
      "mode": "managed",
      "type": "azurerm_resource_group",
      "name": "cicd_rg",
      "provider": "provider[\"registry.terraform.io/hashicorp/azurerm\"]",
      "instances": [
        {
          "schema_version": 0,
          "attributes": {
            "id": "/subscriptions/8846d256-886a-4e00-b5af-b274b8128bd0/resourceGroups/cicd-generator-rg",
            "location": "eastus",
            "managed_by": "",
            "name": "cicd-generator-rg",
            "tags": {},
            "timeouts": null
          },
          "sensitive_attributes": [],
          "private": "eyJlMmJmYjczMC1lY2FhLTExZTYtOGY4OC0zNDM2M2JjN2M0YzAiOnsiY3JlYXRlIjo1NDAwMDAwMDAwMDAwLCJkZWxldGUiOjU0MDAwMDAwMDAwMDAsInJlYWQiOjMwMDAwMDAwMDAwMCwidXBkYXRlIjo1NDAwMDAwMDAwMDAwfX0="
        }
      ]
    }
  ],
  "check_results": null
}
