{
  "version": 4,
  "terraform_version": "1.11.4",
  "serial": 4,
  "lineage": "4c2bc35a-e3f2-239b-3264-36bcae35929b",
  "outputs": {
    "keyvault_uri": {
      "value": "https://cicdgeneratorkv.vault.azure.net/",
      "type": "string"
    }
  },
  "resources": [
    {
      "mode": "data",
      "type": "azurerm_client_config",
      "name": "current",
      "provider": "provider[\"registry.terraform.io/hashicorp/azurerm\"]",
      "instances": [
        {
          "schema_version": 0,
          "attributes": {
            "client_id": "04b07795-8ddb-461a-bbee-02f9e1bf7b46",
            "id": "Y2xpZW50Q29uZmlncy9jbGllbnRJZD0wNGIwNzc5NS04ZGRiLTQ2MWEtYmJlZS0wMmY5ZTFiZjdiNDY7b2JqZWN0SWQ9YzlhMDEwMTMtNjBlNS00NWY0LTk5MDgtYzRjY2EzMjkxZTEzO3N1YnNjcmlwdGlvbklkPTg4NDZkMjU2LTg4NmEtNGUwMC1iNWFmLWIyNzRiODEyOGJkMDt0ZW5hbnRJZD03MGRlMTk5Mi0wN2M2LTQ4MGYtYTMxOC1hMWFmY2JhMDM5ODM=",
            "object_id": "c9a01013-60e5-45f4-9908-c4cca3291e13",
            "subscription_id": "8846d256-886a-4e00-b5af-b274b8128bd0",
            "tenant_id": "70de1992-07c6-480f-a318-a1afcba03983",
            "timeouts": null
          },
          "sensitive_attributes": []
        }
      ]
    },
    {
      "mode": "managed",
      "type": "azurerm_key_vault",
      "name": "cicd_kv",
      "provider": "provider[\"registry.terraform.io/hashicorp/azurerm\"]",
      "instances": [
        {
          "schema_version": 2,
          "attributes": {
            "access_policy": [],
            "contact": [],
            "enable_rbac_authorization": false,
            "enabled_for_deployment": false,
            "enabled_for_disk_encryption": false,
            "enabled_for_template_deployment": false,
            "id": "/subscriptions/8846d256-886a-4e00-b5af-b274b8128bd0/resourceGroups/cicd-generator-rg/providers/Microsoft.KeyVault/vaults/cicdgeneratorkv",
            "location": "eastus",
            "name": "cicdgeneratorkv",
            "network_acls": [
              {
                "bypass": "AzureServices",
                "default_action": "Allow",
                "ip_rules": [],
                "virtual_network_subnet_ids": []
              }
            ],
            "public_network_access_enabled": true,
            "purge_protection_enabled": false,
            "resource_group_name": "cicd-generator-rg",
            "sku_name": "standard",
            "soft_delete_retention_days": 90,
            "tags": null,
            "tenant_id": "70de1992-07c6-480f-a318-a1afcba03983",
            "timeouts": null,
            "vault_uri": "https://cicdgeneratorkv.vault.azure.net/"
          },
          "sensitive_attributes": [],
          "private": "eyJlMmJmYjczMC1lY2FhLTExZTYtOGY4OC0zNDM2M2JjN2M0YzAiOnsiY3JlYXRlIjoxODAwMDAwMDAwMDAwLCJkZWxldGUiOjE4MDAwMDAwMDAwMDAsInJlYWQiOjMwMDAwMDAwMDAwMCwidXBkYXRlIjoxODAwMDAwMDAwMDAwfSwic2NoZW1hX3ZlcnNpb24iOiIyIn0=",
          "dependencies": [
            "azurerm_resource_group.cicd_rg",
            "data.azurerm_client_config.current"
          ]
        }
      ]
    },
    {
      "mode": "managed",
      "type": "azurerm_resource_group",
      "name": "cicd_rg",
      "provider": "provider[\"registry.terraform.io/hashicorp/azurerm\"]",
      "instances": [
        {
          "schema_version": 0,
          "attributes": {
            "id": "/subscriptions/8846d256-886a-4e00-b5af-b274b8128bd0/resourceGroups/cicd-generator-rg",
            "location": "eastus",
            "managed_by": "",
            "name": "cicd-generator-rg",
            "tags": null,
            "timeouts": null
          },
          "sensitive_attributes": [],
          "private": "eyJlMmJmYjczMC1lY2FhLTExZTYtOGY4OC0zNDM2M2JjN2M0YzAiOnsiY3JlYXRlIjo1NDAwMDAwMDAwMDAwLCJkZWxldGUiOjU0MDAwMDAwMDAwMDAsInJlYWQiOjMwMDAwMDAwMDAwMCwidXBkYXRlIjo1NDAwMDAwMDAwMDAwfX0="
        }
      ]
    }
  ],
  "check_results": null
}
